# This file was autogenerated by uv via the following command:
#    uv pip compile requirements-bench.txt -o requirements-bench.lock --python-version 3.12
aiohappyeyeballs==2.6.1
    # via aiohttp
aiohttp==3.13.5
    # via fsspec
aiosignal==1.4.0
    # via aiohttp
annotated-doc==0.0.4
    # via typer
anyio==4.13.0
    # via httpx
attrs==26.1.0
    # via aiohttp
certifi==2026.4.22
    # via
    #   httpcore
    #   httpx
    #   requests
charset-normalizer==3.4.7
    # via
    #   -r requirements-bench.txt
    #   requests
click==8.3.3
    # via typer
datasets==4.8.5
    # via -r requirements-bench.txt
dill==0.4.1
    # via
    #   datasets
    #   multiprocess
filelock==3.29.0
    # via
    #   datasets
    #   huggingface-hub
frozenlist==1.8.0
    # via
    #   aiohttp
    #   aiosignal
fsspec==2026.2.0
    # via
    #   datasets
    #   huggingface-hub
h11==0.16.0
    # via httpcore
hf-xet==1.4.3
    # via huggingface-hub
httpcore==1.0.9
    # via httpx
httpx==0.28.1
    # via
    #   datasets
    #   huggingface-hub
huggingface-hub==1.12.0
    # via datasets
idna==3.13
    # via
    #   anyio
    #   httpx
    #   requests
    #   yarl
lxml==6.1.0
    # via -r requirements-bench.txt
markdown-it-py==4.0.0
    # via rich
mdurl==0.1.2
    # via markdown-it-py
mistune==3.2.0
    # via -r requirements-bench.txt
multidict==6.7.1
    # via
    #   aiohttp
    #   yarl
multiprocess==0.70.19
    # via datasets
networkx==3.6.1
    # via -r requirements-bench.txt
numpy==2.4.4
    # via
    #   -r requirements-bench.txt
    #   datasets
    #   pandas
    #   rank-bm25
packaging==26.2
    # via
    #   datasets
    #   huggingface-hub
pandas==3.0.2
    # via datasets
pathspec==1.1.1
    # via -r requirements-bench.txt
propcache==0.4.1
    # via
    #   aiohttp
    #   yarl
pyarrow==24.0.0
    # via datasets
pygments==2.20.0
    # via rich
pysbd==0.3.4
    # via -r requirements-bench.txt
python-dateutil==2.9.0.post0
    # via pandas
pyyaml==6.0.3
    # via
    #   datasets
    #   huggingface-hub
rank-bm25==0.2.2
    # via -r requirements-bench.txt
regex==2026.4.4
    # via tiktoken
requests==2.33.1
    # via
    #   datasets
    #   tiktoken
rich==15.0.0
    # via typer
ruamel-yaml==0.19.1
    # via -r requirements-bench.txt
shellingham==1.5.4
    # via typer
six==1.17.0
    # via python-dateutil
tiktoken==0.12.0
    # via -r requirements-bench.txt
tqdm==4.67.3
    # via
    #   datasets
    #   huggingface-hub
tree-sitter==0.25.2
    # via -r requirements-bench.txt
tree-sitter-c==0.24.2
    # via -r requirements-bench.txt
tree-sitter-c-sharp==0.23.5
    # via -r requirements-bench.txt
tree-sitter-cpp==0.23.4
    # via -r requirements-bench.txt
tree-sitter-elixir==0.3.5
    # via -r requirements-bench.txt
tree-sitter-go==0.25.0
    # via -r requirements-bench.txt
tree-sitter-html==0.23.2
    # via -r requirements-bench.txt
tree-sitter-java==0.23.5
    # via -r requirements-bench.txt
tree-sitter-javascript==0.25.0
    # via -r requirements-bench.txt
tree-sitter-lua==0.5.0
    # via -r requirements-bench.txt
tree-sitter-php==0.24.1
    # via -r requirements-bench.txt
tree-sitter-python==0.25.0
    # via -r requirements-bench.txt
tree-sitter-ruby==0.23.1
    # via -r requirements-bench.txt
tree-sitter-rust==0.24.2
    # via -r requirements-bench.txt
tree-sitter-scala==0.26.0
    # via -r requirements-bench.txt
tree-sitter-swift==0.0.1
    # via -r requirements-bench.txt
tree-sitter-typescript==0.23.2
    # via -r requirements-bench.txt
typer==0.25.0
    # via huggingface-hub
typing-extensions==4.15.0
    # via
    #   aiosignal
    #   anyio
    #   huggingface-hub
urllib3==2.6.3
    # via requests
xxhash==3.7.0
    # via datasets
yarl==1.23.0
    # via aiohttp
