name: comprehensive_022_structural_code_inside_with_block
repo:
  initial_files:
    src/db.py: |
      class Transaction:
          def __enter__(self):
              return self

          def __exit__(self, exc_type, exc_val, exc_tb):
              if exc_type:
                  self.rollback()
              else:
                  self.commit()
              return False

          def commit(self):
              pass

          def rollback(self):
              pass

      def transaction():
          return Transaction()

      def save(data):
          with transaction():
              try:
                  db_insert(data)
              except Exception:
                  pass

      def db_insert(data):
          pass

      def db_update(key, data):
          pass
    src/lock_manager.py: |
      import threading
      from typing import Optional

      class LockManager:
          def __init__(self):
              self.locks: dict = {}
              self.mutex = threading.Lock()

          def acquire(self, resource: str, timeout: float = 30.0) -> bool:
              with self.mutex:
                  if resource not in self.locks:
                      self.locks[resource] = threading.Lock()
              return self.locks[resource].acquire(timeout=timeout)

          def release(self, resource: str) -> None:
              if resource in self.locks:
                  self.locks[resource].release()
    src/saga_coordinator.py: |
      from typing import Callable, List, Tuple

      class SagaCoordinator:
          def __init__(self):
              self.steps: List[Tuple[Callable, Callable]] = []

          def add_step(self, action: Callable, compensate: Callable) -> None:
              self.steps.append((action, compensate))

          def execute(self) -> bool:
              completed = []
              for action, compensate in self.steps:
                  try:
                      action()
                      completed.append(compensate)
                  except Exception:
                      for comp in reversed(completed):
                          comp()
                      return False
              return True
  changed_files:
    src/db.py: |
      class Transaction:
          def __enter__(self):
              return self

          def __exit__(self, exc_type, exc_val, exc_tb):
              if exc_type:
                  self.rollback()
              else:
                  self.commit()
              return False

          def commit(self):
              pass

          def rollback(self):
              pass

      def transaction():
          return Transaction()

      def save(data):
          with transaction():
              try:
                  validate(data)
                  db_insert(data)
              except Exception:
                  rollback_changes()

      def validate(data):
          if not data:
              raise ValueError("Empty data")
          return True

      def db_insert(data):
          pass

      def db_update(key, data):
          pass

      def rollback_changes():
          pass
    src/lock_manager.py: |
      import threading
      from typing import Optional

      class LockManager:
          def __init__(self):
              self.locks: dict = {}
              self.mutex = threading.Lock()

          def acquire(self, resource: str, timeout: float = 30.0) -> bool:
              with self.mutex:
                  if resource not in self.locks:
                      self.locks[resource] = threading.Lock()
              return self.locks[resource].acquire(timeout=timeout)

          def release(self, resource: str) -> None:
              if resource in self.locks:
                  self.locks[resource].release()
    src/saga_coordinator.py: |
      from typing import Callable, List, Tuple

      class SagaCoordinator:
          def __init__(self):
              self.steps: List[Tuple[Callable, Callable]] = []

          def add_step(self, action: Callable, compensate: Callable) -> None:
              self.steps.append((action, compensate))

          def execute(self) -> bool:
              completed = []
              for action, compensate in self.steps:
                  try:
                      action()
                      completed.append(compensate)
                  except Exception:
                      for comp in reversed(completed):
                          comp()
                      return False
              return True
  commit_message: Update files
fragments:
- id: db_changed
  selector:
    path: src/db.py
- id: db_calls_validate
  selector:
    anchor: validate(data)
- id: db_validate_def
  selector:
    anchor: "def validate(data):"
- id: no_lock_manager
  selector:
    path: src/lock_manager.py
- id: no_saga_coordinator
  selector:
    path: src/saga_coordinator.py
- id: no_lock_class
  selector:
    anchor: LockManager
- id: no_saga_class
  selector:
    anchor: SagaCoordinator
oracle:
  required:
  - db_changed
  - db_calls_validate
  - db_validate_def
  allowed: []
  forbidden:
  - no_lock_manager
  - no_saga_coordinator
  - no_lock_class
  - no_saga_class
