name: comprehensive_022_structural_code_inside_with_block
repo:
  initial_files:
    src/db.py: |
      class Transaction:
          def __enter__(self):
              return self

          def __exit__(self, exc_type, exc_val, exc_tb):
              if exc_type:
                  self.rollback()
              else:
                  self.commit()
              return False

          def commit(self):
              pass

          def rollback(self):
              pass

      def transaction():
          return Transaction()

      def save(data):
          with transaction():
              try:
                  db_insert(data)
              except Exception:
                  pass

      def db_insert(data):
          pass

      def db_update(key, data):
          pass
    garbage_lock_manager.py: |
      GARBAGE_COMP_022_LOCK_TYPE_A = "distributed"
      GARBAGE_COMP_022_LEASE_DURATION_B = "seconds"

      class GarbageLockManager:
          GARBAGE_COMP_022_REENTRANT_C = True
          def acquire(self):
              pass
    garbage_saga_coordinator.py: |
      GARBAGE_COMP_022_COMPENSATION_D = "rollback"
      GARBAGE_COMP_022_STEP_TIMEOUT_E = "bounded"

      class GarbageSagaCoordinator:
          GARBAGE_COMP_022_IDEMPOTENT_F = False
          def coordinate(self):
              pass
  changed_files:
    src/db.py: |
      class Transaction:
          def __enter__(self):
              return self

          def __exit__(self, exc_type, exc_val, exc_tb):
              if exc_type:
                  self.rollback()
              else:
                  self.commit()
              return False

          def commit(self):
              pass

          def rollback(self):
              pass

      def transaction():
          return Transaction()

      def save(data):
          with transaction():
              try:
                  validate(data)
                  db_insert(data)
              except Exception:
                  rollback_changes()

      def validate(data):
          if not data:
              raise ValueError("Empty data")
          return True

      def db_insert(data):
          pass

      def db_update(key, data):
          pass

      def rollback_changes():
          pass
    garbage_lock_manager.py: |
      GARBAGE_COMP_022_LOCK_TYPE_A = "distributed"
      GARBAGE_COMP_022_LEASE_DURATION_B = "seconds"

      class GarbageLockManager:
          GARBAGE_COMP_022_REENTRANT_C = True
          def acquire(self):
              pass
    garbage_saga_coordinator.py: |
      GARBAGE_COMP_022_COMPENSATION_D = "rollback"
      GARBAGE_COMP_022_STEP_TIMEOUT_E = "bounded"

      class GarbageSagaCoordinator:
          GARBAGE_COMP_022_IDEMPOTENT_F = False
          def coordinate(self):
              pass
  commit_message: Update files
fragments:
- id: db_file
  selector:
    path: src/db.py
- id: req_global_0
  selector:
    anchor: validate(data)
- id: req_global_1
  selector:
    anchor: 'def validate(data):'
- id: no_global_0
  selector:
    anchor: GARBAGE_COMP_022_COMPENSATION_D
- id: no_global_1
  selector:
    anchor: GARBAGE_COMP_022_IDEMPOTENT_F
- id: no_global_2
  selector:
    anchor: GARBAGE_COMP_022_LEASE_DURATION_B
- id: no_global_3
  selector:
    anchor: GARBAGE_COMP_022_LOCK_TYPE_A
- id: no_global_4
  selector:
    anchor: GARBAGE_COMP_022_REENTRANT_C
- id: no_global_5
  selector:
    anchor: GARBAGE_COMP_022_STEP_TIMEOUT_E
- id: no_global_6
  selector:
    anchor: garbage_lock_manager.py
- id: no_global_7
  selector:
    anchor: garbage_saga_coordinator.py
oracle:
  required:
  - db_file
  - req_global_0
  - req_global_1
  allowed: []
  forbidden:
  - no_global_0
  - no_global_1
  - no_global_2
  - no_global_3
  - no_global_4
  - no_global_5
  - no_global_6
  - no_global_7
